
Microsoft Visual Studio Solution File, Format Version 10.00
# Visual Studio 2008
Project("{8BC9CEB8-8B4A-11D0-8D11-00A0C91BC942}") = "Offline Processing", "Offline Processing\Offline Processing.vcproj", "{11C8388E-C1DB-4550-BCD3-E5E06DFC855D}"
EndProject
Global
	GlobalSection(SolutionConfigurationPlatforms) = preSolution
		Debug|Win32 = Debug|Win32
		Release|Win32 = Release|Win32
	EndGlobalSection
	GlobalSection(ProjectConfigurationPlatforms) = postSolution
		{11C8388E-C1DB-4550-BCD3-E5E06DFC855D}.Debug|Win32.ActiveCfg = Debug|Win32
		{11C8388E-C1DB-4550-BCD3-E5E06DFC855D}.Debug|Win32.Build.0 = Debug|Win32
		{11C8388E-C1DB-4550-BCD3-E5E06DFC855D}.Release|Win32.ActiveCfg = Release|Win32
		{11C8388E-C1DB-4550-BCD3-E5E06DFC855D}.Release|Win32.Build.0 = Release|Win32
	EndGlobalSection
	GlobalSection(SolutionProperties) = preSolution
		HideSolutionNode = FALSE
	EndGlobalSection
EndGlobal
